
Microsoft Visual Studio Solution File, Format Version 12.00
# Visual Studio Version 17
VisualStudioVersion = 17.10.34916.146
MinimumVisualStudioVersion = 10.0.40219.1
Project("{FAE04EC0-301F-11D3-BF4B-00C04F79EFBC}") = "VideoSubtitleApp", "VideoSubtitleApp\VideoSubtitleApp.csproj", "{23448EE1-3EDA-43E5-8204-42F4259BDEAF}"
EndProject
Global
	GlobalSection(SolutionConfigurationPlatforms) = preSolution
		Debug|Any CPU = Debug|Any CPU
		Release|Any CPU = Release|Any CPU
	EndGlobalSection
	GlobalSection(ProjectConfigurationPlatforms) = postSolution
		{23448EE1-3EDA-43E5-8204-42F4259BDEAF}.Debug|Any CPU.ActiveCfg = Debug|Any CPU
		{23448EE1-3EDA-43E5-8204-42F4259BDEAF}.Debug|Any CPU.Build.0 = Debug|Any CPU
		{23448EE1-3EDA-43E5-8204-42F4259BDEAF}.Release|Any CPU.ActiveCfg = Release|Any CPU
		{23448EE1-3EDA-43E5-8204-42F4259BDEAF}.Release|Any CPU.Build.0 = Release|Any CPU
	EndGlobalSection
	GlobalSection(SolutionProperties) = preSolution
		HideSolutionNode = FALSE
	EndGlobalSection
	GlobalSection(ExtensibilityGlobals) = postSolution
		SolutionGuid = {FBC79E73-952E-45D6-9103-F7101D9DAE8A}
	EndGlobalSection
EndGlobal
